<?xml version="1.0" encoding="utf-8"?>
<Project ToolsVersion="4.0" xmlns="http://schemas.microsoft.com/developer/msbuild/2003">
  <ItemGroup>
    <Filter Include="Source Files">
      <UniqueIdentifier>{4FC737F1-C7A5-4376-A066-2A32D752A2FF}</UniqueIdentifier>
      <Extensions>cpp;c;cc;cxx;def;odl;idl;hpj;bat;asm;asmx</Extensions>
    </Filter>
    <Filter Include="Header Files">
      <UniqueIdentifier>{93995380-89BD-4b04-88EB-625FBE52EBFB}</UniqueIdentifier>
      <Extensions>h;hh;hpp;hxx;hm;inl;inc;ipp;xsd</Extensions>
    </Filter>
    <Filter Include="Resource Files">
      <UniqueIdentifier>{67DA6AB6-F800-4c08-8B7A-83BB121AAD01}</UniqueIdentifier>
      <Extensions>rc;ico;cur;bmp;dlg;rc2;rct;bin;rgs;gif;jpg;jpeg;jpe;resx;tiff;tif;png;wav;mfcribbon-ms</Extensions>
    </Filter>
  </ItemGroup>
  <ItemGroup>
    <ClCompile Include="src\Utils\KPString.cpp">
      <Filter>Source Files</Filter>
    </ClCompile>
    <ClCompile Include="src\Utils\KPVector2.cpp">
      <Filter>Source Files</Filter>
    </ClCompile>
    <ClCompile Include="src\KPEngine-init.cpp">
      <Filter>Source Files</Filter>
    </ClCompile>
    <ClCompile Include="src\Utils\KP_Log.cpp">
      <Filter>Source Files</Filter>
    </ClCompile>
    <ClCompile Include="src\Core\Classes\KPMap.cpp">
      <Filter>Source Files</Filter>
    </ClCompile>
    <ClCompile Include="src\Core\Classes\KPGameObject.cpp">
      <Filter>Source Files</Filter>
    </ClCompile>
    <ClCompile Include="src\Core\HeapManager\MemorySystem.cpp">
      <Filter>Source Files</Filter>
    </ClCompile>
    <ClCompile Include="src\Core\HeapManager\KPDynamicHeapManager.cpp">
      <Filter>Source Files</Filter>
    </ClCompile>
    <ClCompile Include="src\Core\HeapManager\KPDynamicHeapManagerProxy.cpp">
      <Filter>Source Files</Filter>
    </ClCompile>
    <ClCompile Include="src\Core\HeapManager\KPDynamicHeapAllocators.cpp">
      <Filter>Source Files</Filter>
    </ClCompile>
    <ClCompile Include="src\Core\HeapManager\KPFixedHeapManager.cpp">
      <Filter>Source Files</Filter>
    </ClCompile>
    <ClCompile Include="src\Core\HeapManager\BitArray.cpp">
      <Filter>Source Files</Filter>
    </ClCompile>
    <ClCompile Include="src\Core\HeapManager\KPMixedHeapAllocators.cpp">
      <Filter>Source Files</Filter>
    </ClCompile>
  </ItemGroup>
  <ItemGroup>
    <ClInclude Include="include\Utils\List.h">
      <Filter>Header Files</Filter>
    </ClInclude>
    <ClInclude Include="include\Utils\KPString.h">
      <Filter>Header Files</Filter>
    </ClInclude>
    <ClInclude Include="include\Utils\KPVector2.h">
      <Filter>Header Files</Filter>
    </ClInclude>
    <ClInclude Include="include\KPEngine-init.h">
      <Filter>Header Files</Filter>
    </ClInclude>
    <ClInclude Include="include\Utils\KP_Log.h">
      <Filter>Header Files</Filter>
    </ClInclude>
    <ClInclude Include="include\Utils\KPLogType.h">
      <Filter>Header Files</Filter>
    </ClInclude>
    <ClInclude Include="include\Utils\KPVector3.h">
      <Filter>Header Files</Filter>
    </ClInclude>
    <ClInclude Include="include\Core\Classes\KPGameObject.h">
      <Filter>Header Files</Filter>
    </ClInclude>
    <ClInclude Include="include\Core\Interfaces\IKPGameObjectController.h">
      <Filter>Header Files</Filter>
    </ClInclude>
    <ClInclude Include="include\Core\Classes\KPMap.h">
      <Filter>Header Files</Filter>
    </ClInclude>
    <ClInclude Include="include\Core\HeapManager\MemorySystem.h">
      <Filter>Header Files</Filter>
    </ClInclude>
    <ClInclude Include="include\Core\HeapManager\KPDynamicHeapManager.h">
      <Filter>Header Files</Filter>
    </ClInclude>
    <ClInclude Include="include\Core\HeapManager\KPDynamicHeapManagerProxy.h">
      <Filter>Header Files</Filter>
    </ClInclude>
    <ClInclude Include="include\Core\HeapManager\KPDynamicHeapAllocators.h">
      <Filter>Header Files</Filter>
    </ClInclude>
    <ClInclude Include="include\Core\HeapManager\KPFixedHeapManager.h">
      <Filter>Header Files</Filter>
    </ClInclude>
    <ClInclude Include="include\Core\HeapManager\BitArray.h">
      <Filter>Header Files</Filter>
    </ClInclude>
    <ClInclude Include="include\Core\HeapManager\KPMixedHeapAllocators.h">
      <Filter>Header Files</Filter>
    </ClInclude>
  </ItemGroup>
</Project>